
Microsoft Visual Studio Solution File, Format Version 12.00
# Visual Studio Version 17
VisualStudioVersion = 17.3.32825.248
MinimumVisualStudioVersion = 10.0.40219.1
Project("{FAE04EC0-301F-11D3-BF4B-00C04F79EFBC}") = "Adapter", "Adapter.csproj", "{35CCC950-0AC1-4559-B5F2-FACC8348F613}"
EndProject
Project("{FAE04EC0-301F-11D3-BF4B-00C04F79EFBC}") = "Bridge", "..\Bridge\Bridge.csproj", "{84F749D6-FFE4-4B1B-9646-6D62BEBF6FEA}"
EndProject
Global
	GlobalSection(SolutionConfigurationPlatforms) = preSolution
		Debug|Any CPU = Debug|Any CPU
		Release|Any CPU = Release|Any CPU
	EndGlobalSection
	GlobalSection(ProjectConfigurationPlatforms) = postSolution
		{35CCC950-0AC1-4559-B5F2-FACC8348F613}.Debug|Any CPU.ActiveCfg = Debug|Any CPU
		{35CCC950-0AC1-4559-B5F2-FACC8348F613}.Debug|Any CPU.Build.0 = Debug|Any CPU
		{35CCC950-0AC1-4559-B5F2-FACC8348F613}.Release|Any CPU.ActiveCfg = Release|Any CPU
		{35CCC950-0AC1-4559-B5F2-FACC8348F613}.Release|Any CPU.Build.0 = Release|Any CPU
		{84F749D6-FFE4-4B1B-9646-6D62BEBF6FEA}.Debug|Any CPU.ActiveCfg = Debug|Any CPU
		{84F749D6-FFE4-4B1B-9646-6D62BEBF6FEA}.Debug|Any CPU.Build.0 = Debug|Any CPU
		{84F749D6-FFE4-4B1B-9646-6D62BEBF6FEA}.Release|Any CPU.ActiveCfg = Release|Any CPU
		{84F749D6-FFE4-4B1B-9646-6D62BEBF6FEA}.Release|Any CPU.Build.0 = Release|Any CPU
	EndGlobalSection
	GlobalSection(SolutionProperties) = preSolution
		HideSolutionNode = FALSE
	EndGlobalSection
	GlobalSection(ExtensibilityGlobals) = postSolution
		SolutionGuid = {16042240-C182-4E64-ABC8-376065E4F216}
	EndGlobalSection
EndGlobal
